// !$*UTF8*$!
{
	archiveVersion = 1;
	classes = {
	};
	objectVersion = 77;
	objects = {

/* Begin PBXContainerItemProxy section */
		7EB4761C2F41F8DF000EF984 /* PBXContainerItemProxy */ = {
			isa = PBXContainerItemProxy;
			containerPortal = 7EB476062F41F8DE000EF984 /* Project object */;
			proxyType = 1;
			remoteGlobalIDString = 7EB4760D2F41F8DE000EF984;
			remoteInfo = "folkbears-transmitter-ios";
		};
		7EB476262F41F8DF000EF984 /* PBXContainerItemProxy */ = {
			isa = PBXContainerItemProxy;
			containerPortal = 7EB476062F41F8DE000EF984 /* Project object */;
			proxyType = 1;
			remoteGlobalIDString = 7EB4760D2F41F8DE000EF984;
			remoteInfo = "folkbears-transmitter-ios";
		};
/* End PBXContainerItemProxy section */

/* Begin PBXFileReference section */
		7EB4760E2F41F8DE000EF984 /* folkbears-transmitter-ios.app */ = {isa = PBXFileReference; explicitFileType = wrapper.application; includeInIndex = 0; path = "folkbears-transmitter-ios.app"; sourceTree = BUILT_PRODUCTS_DIR; };
		7EB4761B2F41F8DF000EF984 /* folkbears-transmitter-iosTests.xctest */ = {isa = PBXFileReference; explicitFileType = wrapper.cfbundle; includeInIndex = 0; path = "folkbears-transmitter-iosTests.xctest"; sourceTree = BUILT_PRODUCTS_DIR; };
		7EB476252F41F8DF000EF984 /* folkbears-transmitter-iosUITests.xctest */ = {isa = PBXFileReference; explicitFileType = wrapper.cfbundle; includeInIndex = 0; path = "folkbears-transmitter-iosUITests.xctest"; sourceTree = BUILT_PRODUCTS_DIR; };
/* End PBXFileReference section */

/* Begin PBXFileSystemSynchronizedBuildFileExceptionSet section */
		7E052D0C2F44062B003E26E8 /* Exceptions for "folkbears-transmitter-ios" folder in "folkbears-transmitter-ios" target */ = {
			isa = PBXFileSystemSynchronizedBuildFileExceptionSet;
			membershipExceptions = (
				Info.plist,
			);
			target = 7EB4760D2F41F8DE000EF984 /* folkbears-transmitter-ios */;
		};
/* End PBXFileSystemSynchronizedBuildFileExceptionSet section */

/* Begin PBXFileSystemSynchronizedRootGroup section */
		7EB476102F41F8DE000EF984 /* folkbears-transmitter-ios */ = {
			isa = PBXFileSystemSynchronizedRootGroup;
			exceptions = (
				7E052D0C2F44062B003E26E8 /* Exceptions for "folkbears-transmitter-ios" folder in "folkbears-transmitter-ios" target */,
			);
			path = "folkbears-transmitter-ios";
			sourceTree = "<group>";
		};
		7EB4761E2F41F8DF000EF984 /* folkbears-transmitter-iosTests */ = {
			isa = PBXFileSystemSynchronizedRootGroup;
			path = "folkbears-transmitter-iosTests";
			sourceTree = "<group>";
		};
		7EB476282F41F8DF000EF984 /* folkbears-transmitter-iosUITests */ = {
			isa = PBXFileSystemSynchronizedRootGroup;
			path = "folkbears-transmitter-iosUITests";
			sourceTree = "<group>";
		};
/* End PBXFileSystemSynchronizedRootGroup section */

/* Begin PBXFrameworksBuildPhase section */
		7EB4760B2F41F8DE000EF984 /* Frameworks */ = {
			isa = PBXFrameworksBuildPhase;
			buildActionMask = 2147483647;
			files = (
			);
			runOnlyForDeploymentPostprocessing = 0;
		};
		7EB476182F41F8DF000EF984 /* Frameworks */ = {
			isa = PBXFrameworksBuildPhase;
			buildActionMask = 2147483647;
			files = (
			);
			runOnlyForDeploymentPostprocessing = 0;
		};
		7EB476222F41F8DF000EF984 /* Frameworks */ = {
			isa = PBXFrameworksBuildPhase;
			buildActionMask = 2147483647;
			files = (
			);
			runOnlyForDeploymentPostprocessing = 0;
		};
/* End PBXFrameworksBuildPhase section */

/* Begin PBXGroup section */
		7EB476052F41F8DE000EF984 = {
			isa = PBXGroup;
			children = (
				7EB476102F41F8DE000EF984 /* folkbears-transmitter-ios */,
				7EB4761E2F41F8DF000EF984 /* folkbears-transmitter-iosTests */,
				7EB476282F41F8DF000EF984 /* folkbears-transmitter-iosUITests */,
				7EB4760F2F41F8DE000EF984 /* Products */,
			);
			sourceTree = "<group>";
		};
		7EB4760F2F41F8DE000EF984 /* Products */ = {
			isa = PBXGroup;
			children = (
				7EB4760E2F41F8DE000EF984 /* folkbears-transmitter-ios.app */,
				7EB4761B2F41F8DF000EF984 /* folkbears-transmitter-iosTests.xctest */,
				7EB476252F41F8DF000EF984 /* folkbears-transmitter-iosUITests.xctest */,
			);
			name = Products;
			sourceTree = "<group>";
		};
/* End PBXGroup section */

/* Begin PBXNativeTarget section */
		7EB4760D2F41F8DE000EF984 /* folkbears-transmitter-ios */ = {
			isa = PBXNativeTarget;
			buildConfigurationList = 7EB4762F2F41F8DF000EF984 /* Build configuration list for PBXNativeTarget "folkbears-transmitter-ios" */;
			buildPhases = (
				7EB4760A2F41F8DE000EF984 /* Sources */,
				7EB4760B2F41F8DE000EF984 /* Frameworks */,
				7EB4760C2F41F8DE000EF984 /* Resources */,
			);
			buildRules = (
			);
			dependencies = (
			);
			fileSystemSynchronizedGroups = (
				7EB476102F41F8DE000EF984 /* folkbears-transmitter-ios */,
			);
			name = "folkbears-transmitter-ios";
			packageProductDependencies = (
			);
			productName = "folkbears-transmitter-ios";
			productReference = 7EB4760E2F41F8DE000EF984 /* folkbears-transmitter-ios.app */;
			productType = "com.apple.product-type.application";
		};
		7EB4761A2F41F8DF000EF984 /* folkbears-transmitter-iosTests */ = {
			isa = PBXNativeTarget;
			buildConfigurationList = 7EB476322F41F8DF000EF984 /* Build configuration list for PBXNativeTarget "folkbears-transmitter-iosTests" */;
			buildPhases = (
				7EB476172F41F8DF000EF984 /* Sources */,
				7EB476182F41F8DF000EF984 /* Frameworks */,
				7EB476192F41F8DF000EF984 /* Resources */,
			);
			buildRules = (
			);
			dependencies = (
				7EB4761D2F41F8DF000EF984 /* PBXTargetDependency */,
			);
			fileSystemSynchronizedGroups = (
				7EB4761E2F41F8DF000EF984 /* folkbears-transmitter-iosTests */,
			);
			name = "folkbears-transmitter-iosTests";
			packageProductDependencies = (
			);
			productName = "folkbears-transmitter-iosTests";
			productReference = 7EB4761B2F41F8DF000EF984 /* folkbears-transmitter-iosTests.xctest */;
			productType = "com.apple.product-type.bundle.unit-test";
		};
		7EB476242F41F8DF000EF984 /* folkbears-transmitter-iosUITests */ = {
			isa = PBXNativeTarget;
			buildConfigurationList = 7EB476352F41F8DF000EF984 /* Build configuration list for PBXNativeTarget "folkbears-transmitter-iosUITests" */;
			buildPhases = (
				7EB476212F41F8DF000EF984 /* Sources */,
				7EB476222F41F8DF000EF984 /* Frameworks */,
				7EB476232F41F8DF000EF984 /* Resources */,
			);
			buildRules = (
			);
			dependencies = (
				7EB476272F41F8DF000EF984 /* PBXTargetDependency */,
			);
			fileSystemSynchronizedGroups = (
				7EB476282F41F8DF000EF984 /* folkbears-transmitter-iosUITests */,
			);
			name = "folkbears-transmitter-iosUITests";
			packageProductDependencies = (
			);
			productName = "folkbears-transmitter-iosUITests";
			productReference = 7EB476252F41F8DF000EF984 /* folkbears-transmitter-iosUITests.xctest */;
			productType = "com.apple.product-type.bundle.ui-testing";
		};
/* End PBXNativeTarget section */

/* Begin PBXProject section */
		7EB476062F41F8DE000EF984 /* Project object */ = {
			isa = PBXProject;
			attributes = {
				BuildIndependentTargetsInParallel = 1;
				LastSwiftUpdateCheck = 2600;
				LastUpgradeCheck = 2600;
				TargetAttributes = {
					7EB4760D2F41F8DE000EF984 = {
						CreatedOnToolsVersion = 26.0;
					};
					7EB4761A2F41F8DF000EF984 = {
						CreatedOnToolsVersion = 26.0;
						TestTargetID = 7EB4760D2F41F8DE000EF984;
					};
					7EB476242F41F8DF000EF984 = {
						CreatedOnToolsVersion = 26.0;
						TestTargetID = 7EB4760D2F41F8DE000EF984;
					};
				};
			};
			buildConfigurationList = 7EB476092F41F8DE000EF984 /* Build configuration list for PBXProject "folkbears-transmitter-ios" */;
			developmentRegion = en;
			hasScannedForEncodings = 0;
			knownRegions = (
				en,
				Base,
			);
			mainGroup = 7EB476052F41F8DE000EF984;
			minimizedProjectReferenceProxies = 1;
			preferredProjectObjectVersion = 77;
			productRefGroup = 7EB4760F2F41F8DE000EF984 /* Products */;
			projectDirPath = "";
			projectRoot = "";
			targets = (
				7EB4760D2F41F8DE000EF984 /* folkbears-transmitter-ios */,
				7EB4761A2F41F8DF000EF984 /* folkbears-transmitter-iosTests */,
				7EB476242F41F8DF000EF984 /* folkbears-transmitter-iosUITests */,
			);
		};
/* End PBXProject section */

/* Begin PBXResourcesBuildPhase section */
		7EB4760C2F41F8DE000EF984 /* Resources */ = {
			isa = PBXResourcesBuildPhase;
			buildActionMask = 2147483647;
			files = (
			);
			runOnlyForDeploymentPostprocessing = 0;
		};
		7EB476192F41F8DF000EF984 /* Resources */ = {
			isa = PBXResourcesBuildPhase;
			buildActionMask = 2147483647;
			files = (
			);
			runOnlyForDeploymentPostprocessing = 0;
		};
		7EB476232F41F8DF000EF984 /* Resources */ = {
			isa = PBXResourcesBuildPhase;
			buildActionMask = 2147483647;
			files = (
			);
			runOnlyForDeploymentPostprocessing = 0;
		};
/* End PBXResourcesBuildPhase section */

/* Begin PBXSourcesBuildPhase section */
		7EB4760A2F41F8DE000EF984 /* Sources */ = {
			isa = PBXSourcesBuildPhase;
			buildActionMask = 2147483647;
			files = (
			);
			runOnlyForDeploymentPostprocessing = 0;
		};
		7EB476172F41F8DF000EF984 /* Sources */ = {
			isa = PBXSourcesBuildPhase;
			buildActionMask = 2147483647;
			files = (
			);
			runOnlyForDeploymentPostprocessing = 0;
		};
		7EB476212F41F8DF000EF984 /* Sources */ = {
			isa = PBXSourcesBuildPhase;
			buildActionMask = 2147483647;
			files = (
			);
			runOnlyForDeploymentPostprocessing = 0;
		};
/* End PBXSourcesBuildPhase section */

/* Begin PBXTargetDependency section */
		7EB4761D2F41F8DF000EF984 /* PBXTargetDependency */ = {
			isa = PBXTargetDependency;
			target = 7EB4760D2F41F8DE000EF984 /* folkbears-transmitter-ios */;
			targetProxy = 7EB4761C2F41F8DF000EF984 /* PBXContainerItemProxy */;
		};
		7EB476272F41F8DF000EF984 /* PBXTargetDependency */ = {
			isa = PBXTargetDependency;
			target = 7EB4760D2F41F8DE000EF984 /* folkbears-transmitter-ios */;
			targetProxy = 7EB476262F41F8DF000EF984 /* PBXContainerItemProxy */;
		};
/* End PBXTargetDependency section */

/* Begin XCBuildConfiguration section */
		7EB4762D2F41F8DF000EF984 /* Debug */ = {
			isa = XCBuildConfiguration;
			buildSettings = {
				ALWAYS_SEARCH_USER_PATHS = NO;
				ASSETCATALOG_COMPILER_GENERATE_SWIFT_ASSET_SYMBOL_EXTENSIONS = YES;
				CLANG_ANALYZER_NONNULL = YES;
				CLANG_ANALYZER_NUMBER_OBJECT_CONVERSION = YES_AGGRESSIVE;
				CLANG_CXX_LANGUAGE_STANDARD = "gnu++20";
				CLANG_ENABLE_MODULES = YES;
				CLANG_ENABLE_OBJC_ARC = YES;
				CLANG_ENABLE_OBJC_WEAK = YES;
				CLANG_WARN_BLOCK_CAPTURE_AUTORELEASING = YES;
				CLANG_WARN_BOOL_CONVERSION = YES;
				CLANG_WARN_COMMA = YES;
				CLANG_WARN_CONSTANT_CONVERSION = YES;
				CLANG_WARN_DEPRECATED_OBJC_IMPLEMENTATIONS = YES;
				CLANG_WARN_DIRECT_OBJC_ISA_USAGE = YES_ERROR;
				CLANG_WARN_DOCUMENTATION_COMMENTS = YES;
				CLANG_WARN_EMPTY_BODY = YES;
				CLANG_WARN_ENUM_CONVERSION = YES;
				CLANG_WARN_INFINITE_RECURSION = YES;
				CLANG_WARN_INT_CONVERSION = YES;
				CLANG_WARN_NON_LITERAL_NULL_CONVERSION = YES;
				CLANG_WARN_OBJC_IMPLICIT_RETAIN_SELF = YES;
				CLANG_WARN_OBJC_LITERAL_CONVERSION = YES;
				CLANG_WARN_OBJC_ROOT_CLASS = YES_ERROR;
				CLANG_WARN_QUOTED_INCLUDE_IN_FRAMEWORK_HEADER = YES;
				CLANG_WARN_RANGE_LOOP_ANALYSIS = YES;
				CLANG_WARN_STRICT_PROTOTYPES = YES;
				CLANG_WARN_SUSPICIOUS_MOVE = YES;
				CLANG_WARN_UNGUARDED_AVAILABILITY = YES_AGGRESSIVE;
				CLANG_WARN_UNREACHABLE_CODE = YES;
				CLANG_WARN__DUPLICATE_METHOD_MATCH = YES;
				COPY_PHASE_STRIP = NO;
				DEBUG_INFORMATION_FORMAT = dwarf;
				DEVELOPMENT_TEAM = U2EKM66A44;
				ENABLE_STRICT_OBJC_MSGSEND = YES;
				ENABLE_TESTABILITY = YES;
				ENABLE_USER_SCRIPT_SANDBOXING = YES;
				GCC_C_LANGUAGE_STANDARD = gnu17;
				GCC_DYNAMIC_NO_PIC = NO;
				GCC_NO_COMMON_BLOCKS = YES;
				GCC_OPTIMIZATION_LEVEL = 0;
				GCC_PREPROCESSOR_DEFINITIONS = (
					"DEBUG=1",
					"$(inherited)",
				);
				GCC_WARN_64_TO_32_BIT_CONVERSION = YES;
				GCC_WARN_ABOUT_RETURN_TYPE = YES_ERROR;
				GCC_WARN_UNDECLARED_SELECTOR = YES;
				GCC_WARN_UNINITIALIZED_AUTOS = YES_AGGRESSIVE;
				GCC_WARN_UNUSED_FUNCTION = YES;
				GCC_WARN_UNUSED_VARIABLE = YES;
				GENERATE_INFOPLIST_FILE = NO;
				IPHONEOS_DEPLOYMENT_TARGET = 26.0;
				LOCALIZATION_PREFERS_STRING_CATALOGS = YES;
				MTL_ENABLE_DEBUG_INFO = INCLUDE_SOURCE;
				MTL_FAST_MATH = YES;
				ONLY_ACTIVE_ARCH = YES;
				SDKROOT = iphoneos;
				SWIFT_ACTIVE_COMPILATION_CONDITIONS = "DEBUG $(inherited)";
				SWIFT_OPTIMIZATION_LEVEL = "-Onone";
			};
			name = Debug;
		};
		7EB4762E2F41F8DF000EF984 /* Release */ = {
			isa = XCBuildConfiguration;
			buildSettings = {
				ALWAYS_SEARCH_USER_PATHS = NO;
				ASSETCATALOG_COMPILER_GENERATE_SWIFT_ASSET_SYMBOL_EXTENSIONS = YES;
				CLANG_ANALYZER_NONNULL = YES;
				CLANG_ANALYZER_NUMBER_OBJECT_CONVERSION = YES_AGGRESSIVE;
				CLANG_CXX_LANGUAGE_STANDARD = "gnu++20";
				CLANG_ENABLE_MODULES = YES;
				CLANG_ENABLE_OBJC_ARC = YES;
				CLANG_ENABLE_OBJC_WEAK = YES;
				CLANG_WARN_BLOCK_CAPTURE_AUTORELEASING = YES;
				CLANG_WARN_BOOL_CONVERSION = YES;
				CLANG_WARN_COMMA = YES;
				CLANG_WARN_CONSTANT_CONVERSION = YES;
				CLANG_WARN_DEPRECATED_OBJC_IMPLEMENTATIONS = YES;
				CLANG_WARN_DIRECT_OBJC_ISA_USAGE = YES_ERROR;
				CLANG_WARN_DOCUMENTATION_COMMENTS = YES;
				CLANG_WARN_EMPTY_BODY = YES;
				CLANG_WARN_ENUM_CONVERSION = YES;
				CLANG_WARN_INFINITE_RECURSION = YES;
				CLANG_WARN_INT_CONVERSION = YES;
				CLANG_WARN_NON_LITERAL_NULL_CONVERSION = YES;
				CLANG_WARN_OBJC_IMPLICIT_RETAIN_SELF = YES;
				CLANG_WARN_OBJC_LITERAL_CONVERSION = YES;
				CLANG_WARN_OBJC_ROOT_CLASS = YES_ERROR;
				CLANG_WARN_QUOTED_INCLUDE_IN_FRAMEWORK_HEADER = YES;
				CLANG_WARN_RANGE_LOOP_ANALYSIS = YES;
				CLANG_WARN_STRICT_PROTOTYPES = YES;
				CLANG_WARN_SUSPICIOUS_MOVE = YES;
				CLANG_WARN_UNGUARDED_AVAILABILITY = YES_AGGRESSIVE;
				CLANG_WARN_UNREACHABLE_CODE = YES;
				CLANG_WARN__DUPLICATE_METHOD_MATCH = YES;
				COPY_PHASE_STRIP = NO;
				DEBUG_INFORMATION_FORMAT = "dwarf-with-dsym";
				DEVELOPMENT_TEAM = U2EKM66A44;
				ENABLE_NS_ASSERTIONS = NO;
				ENABLE_STRICT_OBJC_MSGSEND = YES;
				ENABLE_USER_SCRIPT_SANDBOXING = YES;
				GCC_C_LANGUAGE_STANDARD = gnu17;
				GCC_NO_COMMON_BLOCKS = YES;
				GCC_WARN_64_TO_32_BIT_CONVERSION = YES;
				GCC_WARN_ABOUT_RETURN_TYPE = YES_ERROR;
				GCC_WARN_UNDECLARED_SELECTOR = YES;
				GCC_WARN_UNINITIALIZED_AUTOS = YES_AGGRESSIVE;
				GCC_WARN_UNUSED_FUNCTION = YES;
				GCC_WARN_UNUSED_VARIABLE = YES;
				GENERATE_INFOPLIST_FILE = NO;
				IPHONEOS_DEPLOYMENT_TARGET = 26.0;
				LOCALIZATION_PREFERS_STRING_CATALOGS = YES;
				MTL_ENABLE_DEBUG_INFO = NO;
				MTL_FAST_MATH = YES;
				SDKROOT = iphoneos;
				SWIFT_COMPILATION_MODE = wholemodule;
				VALIDATE_PRODUCT = YES;
			};
			name = Release;
		};
		7EB476302F41F8DF000EF984 /* Debug */ = {
			isa = XCBuildConfiguration;
			buildSettings = {
				ASSETCATALOG_COMPILER_APPICON_NAME = AppIcon;
				ASSETCATALOG_COMPILER_GLOBAL_ACCENT_COLOR_NAME = AccentColor;
				CODE_SIGN_STYLE = Automatic;
				CURRENT_PROJECT_VERSION = 1;
				DEVELOPMENT_TEAM = U2EKM66A44;
				ENABLE_PREVIEWS = YES;
				GENERATE_INFOPLIST_FILE = NO;
				INFOPLIST_FILE = "folkbears-transmitter-ios/Info.plist";
				IPHONEOS_DEPLOYMENT_TARGET = 15.6;
				LD_RUNPATH_SEARCH_PATHS = (
					"$(inherited)",
					"@executable_path/Frameworks",
				);
				MARKETING_VERSION = 1.0;
				PRODUCT_BUNDLE_IDENTIFIER = "net.moonmile.folkbears-transmitter-ios";
				PRODUCT_NAME = "$(TARGET_NAME)";
				STRING_CATALOG_GENERATE_SYMBOLS = YES;
				SWIFT_APPROACHABLE_CONCURRENCY = YES;
				SWIFT_DEFAULT_ACTOR_ISOLATION = MainActor;
				SWIFT_EMIT_LOC_STRINGS = YES;
				SWIFT_UPCOMING_FEATURE_MEMBER_IMPORT_VISIBILITY = YES;
				SWIFT_VERSION = 5.0;
				TARGETED_DEVICE_FAMILY = "1,2";
			};
			name = Debug;
		};
		7EB476312F41F8DF000EF984 /* Release */ = {
			isa = XCBuildConfiguration;
			buildSettings = {
				ASSETCATALOG_COMPILER_APPICON_NAME = AppIcon;
				ASSETCATALOG_COMPILER_GLOBAL_ACCENT_COLOR_NAME = AccentColor;
				CODE_SIGN_STYLE = Automatic;
				CURRENT_PROJECT_VERSION = 1;
				DEVELOPMENT_TEAM = U2EKM66A44;
				ENABLE_PREVIEWS = YES;
				GENERATE_INFOPLIST_FILE = NO;
				INFOPLIST_FILE = "folkbears-transmitter-ios/Info.plist";
				IPHONEOS_DEPLOYMENT_TARGET = 15.6;
				LD_RUNPATH_SEARCH_PATHS = (
					"$(inherited)",
					"@executable_path/Frameworks",
				);
				MARKETING_VERSION = 1.0;
				PRODUCT_BUNDLE_IDENTIFIER = "net.moonmile.folkbears-transmitter-ios";
				PRODUCT_NAME = "$(TARGET_NAME)";
				STRING_CATALOG_GENERATE_SYMBOLS = YES;
				SWIFT_APPROACHABLE_CONCURRENCY = YES;
				SWIFT_DEFAULT_ACTOR_ISOLATION = MainActor;
				SWIFT_EMIT_LOC_STRINGS = YES;
				SWIFT_UPCOMING_FEATURE_MEMBER_IMPORT_VISIBILITY = YES;
				SWIFT_VERSION = 5.0;
				TARGETED_DEVICE_FAMILY = "1,2";
			};
			name = Release;
		};
		7EB476332F41F8DF000EF984 /* Debug */ = {
			isa = XCBuildConfiguration;
			buildSettings = {
				BUNDLE_LOADER = "$(TEST_HOST)";
				CODE_SIGN_STYLE = Automatic;
				CURRENT_PROJECT_VERSION = 1;
				DEVELOPMENT_TEAM = U2EKM66A44;
				GENERATE_INFOPLIST_FILE = YES;
				IPHONEOS_DEPLOYMENT_TARGET = 26.0;
				MARKETING_VERSION = 1.0;
				PRODUCT_BUNDLE_IDENTIFIER = "net.moonmile.folkbears-transmitter-iosTests";
				PRODUCT_NAME = "$(TARGET_NAME)";
				STRING_CATALOG_GENERATE_SYMBOLS = NO;
				SWIFT_APPROACHABLE_CONCURRENCY = YES;
				SWIFT_EMIT_LOC_STRINGS = NO;
				SWIFT_UPCOMING_FEATURE_MEMBER_IMPORT_VISIBILITY = YES;
				SWIFT_VERSION = 5.0;
				TARGETED_DEVICE_FAMILY = "1,2";
				TEST_HOST = "$(BUILT_PRODUCTS_DIR)/folkbears-transmitter-ios.app/$(BUNDLE_EXECUTABLE_FOLDER_PATH)/folkbears-transmitter-ios";
			};
			name = Debug;
		};
		7EB476342F41F8DF000EF984 /* Release */ = {
			isa = XCBuildConfiguration;
			buildSettings = {
				BUNDLE_LOADER = "$(TEST_HOST)";
				CODE_SIGN_STYLE = Automatic;
				CURRENT_PROJECT_VERSION = 1;
				DEVELOPMENT_TEAM = U2EKM66A44;
				GENERATE_INFOPLIST_FILE = YES;
				IPHONEOS_DEPLOYMENT_TARGET = 26.0;
				MARKETING_VERSION = 1.0;
				PRODUCT_BUNDLE_IDENTIFIER = "net.moonmile.folkbears-transmitter-iosTests";
				PRODUCT_NAME = "$(TARGET_NAME)";
				STRING_CATALOG_GENERATE_SYMBOLS = NO;
				SWIFT_APPROACHABLE_CONCURRENCY = YES;
				SWIFT_EMIT_LOC_STRINGS = NO;
				SWIFT_UPCOMING_FEATURE_MEMBER_IMPORT_VISIBILITY = YES;
				SWIFT_VERSION = 5.0;
				TARGETED_DEVICE_FAMILY = "1,2";
				TEST_HOST = "$(BUILT_PRODUCTS_DIR)/folkbears-transmitter-ios.app/$(BUNDLE_EXECUTABLE_FOLDER_PATH)/folkbears-transmitter-ios";
			};
			name = Release;
		};
		7EB476362F41F8DF000EF984 /* Debug */ = {
			isa = XCBuildConfiguration;
			buildSettings = {
				CODE_SIGN_STYLE = Automatic;
				CURRENT_PROJECT_VERSION = 1;
				DEVELOPMENT_TEAM = U2EKM66A44;
				GENERATE_INFOPLIST_FILE = YES;
				MARKETING_VERSION = 1.0;
				PRODUCT_BUNDLE_IDENTIFIER = "net.moonmile.folkbears-transmitter-iosUITests";
				PRODUCT_NAME = "$(TARGET_NAME)";
				STRING_CATALOG_GENERATE_SYMBOLS = NO;
				SWIFT_APPROACHABLE_CONCURRENCY = YES;
				SWIFT_EMIT_LOC_STRINGS = NO;
				SWIFT_UPCOMING_FEATURE_MEMBER_IMPORT_VISIBILITY = YES;
				SWIFT_VERSION = 5.0;
				TARGETED_DEVICE_FAMILY = "1,2";
				TEST_TARGET_NAME = "folkbears-transmitter-ios";
			};
			name = Debug;
		};
		7EB476372F41F8DF000EF984 /* Release */ = {
			isa = XCBuildConfiguration;
			buildSettings = {
				CODE_SIGN_STYLE = Automatic;
				CURRENT_PROJECT_VERSION = 1;
				DEVELOPMENT_TEAM = U2EKM66A44;
				GENERATE_INFOPLIST_FILE = YES;
				MARKETING_VERSION = 1.0;
				PRODUCT_BUNDLE_IDENTIFIER = "net.moonmile.folkbears-transmitter-iosUITests";
				PRODUCT_NAME = "$(TARGET_NAME)";
				STRING_CATALOG_GENERATE_SYMBOLS = NO;
				SWIFT_APPROACHABLE_CONCURRENCY = YES;
				SWIFT_EMIT_LOC_STRINGS = NO;
				SWIFT_UPCOMING_FEATURE_MEMBER_IMPORT_VISIBILITY = YES;
				SWIFT_VERSION = 5.0;
				TARGETED_DEVICE_FAMILY = "1,2";
				TEST_TARGET_NAME = "folkbears-transmitter-ios";
			};
			name = Release;
		};
/* End XCBuildConfiguration section */

/* Begin XCConfigurationList section */
		7EB476092F41F8DE000EF984 /* Build configuration list for PBXProject "folkbears-transmitter-ios" */ = {
			isa = XCConfigurationList;
			buildConfigurations = (
				7EB4762D2F41F8DF000EF984 /* Debug */,
				7EB4762E2F41F8DF000EF984 /* Release */,
			);
			defaultConfigurationIsVisible = 0;
			defaultConfigurationName = Release;
		};
		7EB4762F2F41F8DF000EF984 /* Build configuration list for PBXNativeTarget "folkbears-transmitter-ios" */ = {
			isa = XCConfigurationList;
			buildConfigurations = (
				7EB476302F41F8DF000EF984 /* Debug */,
				7EB476312F41F8DF000EF984 /* Release */,
			);
			defaultConfigurationIsVisible = 0;
			defaultConfigurationName = Release;
		};
		7EB476322F41F8DF000EF984 /* Build configuration list for PBXNativeTarget "folkbears-transmitter-iosTests" */ = {
			isa = XCConfigurationList;
			buildConfigurations = (
				7EB476332F41F8DF000EF984 /* Debug */,
				7EB476342F41F8DF000EF984 /* Release */,
			);
			defaultConfigurationIsVisible = 0;
			defaultConfigurationName = Release;
		};
		7EB476352F41F8DF000EF984 /* Build configuration list for PBXNativeTarget "folkbears-transmitter-iosUITests" */ = {
			isa = XCConfigurationList;
			buildConfigurations = (
				7EB476362F41F8DF000EF984 /* Debug */,
				7EB476372F41F8DF000EF984 /* Release */,
			);
			defaultConfigurationIsVisible = 0;
			defaultConfigurationName = Release;
		};
/* End XCConfigurationList section */
	};
	rootObject = 7EB476062F41F8DE000EF984 /* Project object */;
}
